
Microsoft Visual Studio Solution File, Format Version 12.00
# Visual Studio Version 17
VisualStudioVersion = 17.7.34031.279
MinimumVisualStudioVersion = 10.0.40219.1
Project("{FAE04EC0-301F-11D3-BF4B-00C04F79EFBC}") = "TesteAutoGlass.API", "TesteAutoGlass.API\TesteAutoGlass.API.csproj", "{E7E62E9A-DCCB-4B6A-886F-8A68E50A0F9E}"
EndProject
Project("{FAE04EC0-301F-11D3-BF4B-00C04F79EFBC}") = "TesteAutoGlass.Core", "TesteAutoGlass.Core\TesteAutoGlass.Core.csproj", "{F5EBFA8B-1215-47DF-AA90-B1C6AE2B070C}"
EndProject
Project("{FAE04EC0-301F-11D3-BF4B-00C04F79EFBC}") = "TesteAutoGlass.Infrastructure", "TesteAutoGlass.Infrastructure\TesteAutoGlass.Infrastructure.csproj", "{5FDA3146-9973-4B50-8B47-E1F977FF3CE3}"
EndProject
Project("{FAE04EC0-301F-11D3-BF4B-00C04F79EFBC}") = "TesteAutoGlass.Application", "TesteAutoGlass.Application\TesteAutoGlass.Application.csproj", "{38351B1C-BE17-42A9-AC2B-492A3FDCF8B9}"
EndProject
Global
	GlobalSection(SolutionConfigurationPlatforms) = preSolution
		Debug|Any CPU = Debug|Any CPU
		Release|Any CPU = Release|Any CPU
	EndGlobalSection
	GlobalSection(ProjectConfigurationPlatforms) = postSolution
		{E7E62E9A-DCCB-4B6A-886F-8A68E50A0F9E}.Debug|Any CPU.ActiveCfg = Debug|Any CPU
		{E7E62E9A-DCCB-4B6A-886F-8A68E50A0F9E}.Debug|Any CPU.Build.0 = Debug|Any CPU
		{E7E62E9A-DCCB-4B6A-886F-8A68E50A0F9E}.Release|Any CPU.ActiveCfg = Release|Any CPU
		{E7E62E9A-DCCB-4B6A-886F-8A68E50A0F9E}.Release|Any CPU.Build.0 = Release|Any CPU
		{F5EBFA8B-1215-47DF-AA90-B1C6AE2B070C}.Debug|Any CPU.ActiveCfg = Debug|Any CPU
		{F5EBFA8B-1215-47DF-AA90-B1C6AE2B070C}.Debug|Any CPU.Build.0 = Debug|Any CPU
		{F5EBFA8B-1215-47DF-AA90-B1C6AE2B070C}.Release|Any CPU.ActiveCfg = Release|Any CPU
		{F5EBFA8B-1215-47DF-AA90-B1C6AE2B070C}.Release|Any CPU.Build.0 = Release|Any CPU
		{5FDA3146-9973-4B50-8B47-E1F977FF3CE3}.Debug|Any CPU.ActiveCfg = Debug|Any CPU
		{5FDA3146-9973-4B50-8B47-E1F977FF3CE3}.Debug|Any CPU.Build.0 = Debug|Any CPU
		{5FDA3146-9973-4B50-8B47-E1F977FF3CE3}.Release|Any CPU.ActiveCfg = Release|Any CPU
		{5FDA3146-9973-4B50-8B47-E1F977FF3CE3}.Release|Any CPU.Build.0 = Release|Any CPU
		{38351B1C-BE17-42A9-AC2B-492A3FDCF8B9}.Debug|Any CPU.ActiveCfg = Debug|Any CPU
		{38351B1C-BE17-42A9-AC2B-492A3FDCF8B9}.Debug|Any CPU.Build.0 = Debug|Any CPU
		{38351B1C-BE17-42A9-AC2B-492A3FDCF8B9}.Release|Any CPU.ActiveCfg = Release|Any CPU
		{38351B1C-BE17-42A9-AC2B-492A3FDCF8B9}.Release|Any CPU.Build.0 = Release|Any CPU
	EndGlobalSection
	GlobalSection(SolutionProperties) = preSolution
		HideSolutionNode = FALSE
	EndGlobalSection
	GlobalSection(ExtensibilityGlobals) = postSolution
		SolutionGuid = {FD0C9C10-9287-4BC6-933F-688674ED9B4A}
	EndGlobalSection
EndGlobal
